
Microsoft Visual Studio Solution File, Format Version 12.00
# Visual Studio Version 16
VisualStudioVersion = 16.0.30523.141
MinimumVisualStudioVersion = 10.0.40219.1
Project("{9A19103F-16F7-4668-BE54-9A1E7A4F7556}") = "EquationSolver", "EquationSolver\EquationSolver.csproj", "{8132830C-AE5E-464E-AE1C-0213634B4E21}"
EndProject
Project("{FAE04EC0-301F-11D3-BF4B-00C04F79EFBC}") = "EquationSolverTests", "Tests\EquationSolverTests\EquationSolverTests.csproj", "{090C817B-C189-45BF-A109-5277073E24A0}"
EndProject
Global
	GlobalSection(SolutionConfigurationPlatforms) = preSolution
		Debug|Any CPU = Debug|Any CPU
		Release|Any CPU = Release|Any CPU
	EndGlobalSection
	GlobalSection(ProjectConfigurationPlatforms) = postSolution
		{8132830C-AE5E-464E-AE1C-0213634B4E21}.Debug|Any CPU.ActiveCfg = Debug|Any CPU
		{8132830C-AE5E-464E-AE1C-0213634B4E21}.Debug|Any CPU.Build.0 = Debug|Any CPU
		{8132830C-AE5E-464E-AE1C-0213634B4E21}.Release|Any CPU.ActiveCfg = Release|Any CPU
		{8132830C-AE5E-464E-AE1C-0213634B4E21}.Release|Any CPU.Build.0 = Release|Any CPU
		{090C817B-C189-45BF-A109-5277073E24A0}.Debug|Any CPU.ActiveCfg = Debug|Any CPU
		{090C817B-C189-45BF-A109-5277073E24A0}.Debug|Any CPU.Build.0 = Debug|Any CPU
		{090C817B-C189-45BF-A109-5277073E24A0}.Release|Any CPU.ActiveCfg = Release|Any CPU
		{090C817B-C189-45BF-A109-5277073E24A0}.Release|Any CPU.Build.0 = Release|Any CPU
	EndGlobalSection
	GlobalSection(SolutionProperties) = preSolution
		HideSolutionNode = FALSE
	EndGlobalSection
	GlobalSection(ExtensibilityGlobals) = postSolution
		SolutionGuid = {6743ED9E-EB37-4207-8D76-75294A10FCE2}
	EndGlobalSection
EndGlobal
